# This file is autogenerated, do not edit; changes may be undone by the next 'dep ensure'.


[[projects]]
  digest = "1:25870183293a3fb61cc9afd060a61d63a486f091db72af01a8ea3449f5ca530d"
  name = "github.com/Masterminds/goutils"
  packages = ["."]
  pruneopts = "NUT"
  revision = "41ac8693c5c10a92ea1ff5ac3a7f95646f6123b0"
  version = "v1.1.0"

[[projects]]
  digest = "1:a26f8da48b22e6176c1c6a2459904bb30bd0c49ada04b2963c2c3a203e81a620"
  name = "github.com/Masterminds/semver"
  packages = ["."]
  pruneopts = "NUT"
  revision = "c7af12943936e8c39859482e61f0574c2fd7fc75"
  version = "v1.4.2"

[[projects]]
  digest = "1:b3bf7ebdab400adfa4d81687848571417ded5618231ef58124adf5544cab5e59"
  name = "github.com/Masterminds/sprig"
  packages = ["."]
  pruneopts = "NUT"
  revision = "b1fe2752acccf8c3d7f8a1e7c75c7ae7d83a1975"
  version = "v2.18.0"

[[projects]]
  digest = "1:75b51d6f6443e3ffc80a7a1d912327124aab35065f13f887513208a3a7a3dd1b"
  name = "github.com/containous/flaeg"
  packages = [
    ".",
    "parse",
  ]
  pruneopts = "NUT"
  revision = "b4c2f060875361c070ed2bc300c5929b82f5fa2e"
  version = "v1.1.2"

[[projects]]
  digest = "1:a2c1d0e43bd3baaa071d1b9ed72c27d78169b2b269f71c105ac4ba34b1be4a39"
  name = "github.com/davecgh/go-spew"
  packages = ["spew"]
  pruneopts = "NUT"
  revision = "346938d642f2ec3594ed81d874461961cd0faa76"
  version = "v1.1.0"

[[projects]]
  digest = "1:ab3ec1fe3e39bac4b3ab63390767766622be35b7cab03f47f787f9ec60522a53"
  name = "github.com/google/uuid"
  packages = ["."]
  pruneopts = "NUT"
  revision = "0cd6bf5da1e1c83f8b45653022c74f71af0538a4"
  version = "v1.1.1"

[[projects]]
  branch = "master"
  digest = "1:8925116d1edcd85fc0c014e1aa69ce12892489b48ee633a605c46d893b8c151f"
  name = "github.com/hashicorp/go-version"
  packages = ["."]
  pruneopts = "NUT"
  revision = "23480c0665776210b5fbbac6eaaee40e3e6a96b7"

[[projects]]
  digest = "1:dc54242755f5b6721dd880843de6e45fe234838ea9149ec8249951880fd5802f"
  name = "github.com/huandu/xstrings"
  packages = ["."]
  pruneopts = "NUT"
  revision = "f02667b379e2fb5916c3cda2cf31e0eb885d79f8"
  version = "v1.2.0"

[[projects]]
  digest = "1:aaa38889f11896ee3644d77e17dc7764cc47f5f3d3b488268df2af2b52541c5f"
  name = "github.com/imdario/mergo"
  packages = ["."]
  pruneopts = "NUT"
  revision = "7c29201646fa3de8506f701213473dd407f19646"
  version = "v0.3.7"

[[projects]]
  digest = "1:8a4c31ceb1cd41bf343302c08b637b079af690a79b682d21c3b5ff97e6b40de8"
  name = "github.com/ldez/go-git-cmd-wrapper"
  packages = [
    "branch",
    "git",
    "types",
    "worktree",
  ]
  pruneopts = "NUT"
  revision = "4789812722d1cd40bdaafaa82c5b6644c47b9c81"
  version = "v0.22.0"

[[projects]]
  branch = "master"
  digest = "1:95d27e49401b61dd203a4cf8237037bd6cd49599651f855ac1988c4ae27b090e"
  name = "github.com/ogier/pflag"
  packages = ["."]
  pruneopts = "NUT"
  revision = "45c278ab3607870051a2ea9040bb85fcb8557481"

[[projects]]
  digest = "1:5cf3f025cbee5951a4ee961de067c8a89fc95a5adabead774f82822efabab121"
  name = "github.com/pkg/errors"
  packages = ["."]
  pruneopts = "NUT"
  revision = "645ef00459ed84a119197bfb8d8205042c6df63d"
  version = "v0.8.0"

[[projects]]
  digest = "1:0028cb19b2e4c3112225cd871870f2d9cf49b9b4276531f03438a88e94be86fe"
  name = "github.com/pmezard/go-difflib"
  packages = ["difflib"]
  pruneopts = "NUT"
  revision = "792786c7400a136282c1664665ae0a8db921c6c2"
  version = "v1.0.0"

[[projects]]
  digest = "1:0331452965d8695c0a5633e0f509012987681a654f388f2ad0c3b2d7f7004b1c"
  name = "github.com/stretchr/testify"
  packages = [
    "assert",
    "require",
  ]
  pruneopts = "NUT"
  revision = "f35b8ab0b5a2cef36673838d662e249dd9c94686"
  version = "v1.2.2"

[[projects]]
  branch = "master"
  digest = "1:dd658e9008df9e0bea1ddb2caa3df8250e5e42bf54dcb776ed5bef0496395549"
  name = "golang.org/x/crypto"
  packages = [
    "pbkdf2",
    "scrypt",
  ]
  pruneopts = "NUT"
  revision = "8dd112bcdc25174059e45e07517d9fc663123347"

[[projects]]
  digest = "1:7c95b35057a0ff2e19f707173cc1a947fa43a6eb5c4d300d196ece0334046082"
  name = "gopkg.in/yaml.v2"
  packages = ["."]
  pruneopts = "NUT"
  revision = "5420a8b6744d3b0345ab293f6fcba19c978f1183"
  version = "v2.2.1"

[solve-meta]
  analyzer-name = "dep"
  analyzer-version = 1
  input-imports = [
    "github.com/Masterminds/sprig",
    "github.com/containous/flaeg",
    "github.com/hashicorp/go-version",
    "github.com/ldez/go-git-cmd-wrapper/branch",
    "github.com/ldez/go-git-cmd-wrapper/git",
    "github.com/ldez/go-git-cmd-wrapper/types",
    "github.com/ldez/go-git-cmd-wrapper/worktree",
    "github.com/ogier/pflag",
    "github.com/pkg/errors",
    "github.com/stretchr/testify/assert",
    "github.com/stretchr/testify/require",
    "gopkg.in/yaml.v2",
  ]
  solver-name = "gps-cdcl"
  solver-version = 1
